
Microsoft Visual Studio Solution File, Format Version 12.00
# Visual Studio 15
VisualStudioVersion = 15.0.28307.489
MinimumVisualStudioVersion = 10.0.40219.1
Project("{FAE04EC0-301F-11D3-BF4B-00C04F79EFBC}") = "Klara_v1.0", "Klara_v1.0\Klara_v1.0.csproj", "{D8301AEA-E734-4EA1-A8CB-3EE2ACAF0257}"
EndProject
Global
	GlobalSection(SolutionConfigurationPlatforms) = preSolution
		Debug|Any CPU = Debug|Any CPU
		Debug|x64 = Debug|x64
		Release|Any CPU = Release|Any CPU
		Release|x64 = Release|x64
	EndGlobalSection
	GlobalSection(ProjectConfigurationPlatforms) = postSolution
		{D8301AEA-E734-4EA1-A8CB-3EE2ACAF0257}.Debug|Any CPU.ActiveCfg = Debug|Any CPU
		{D8301AEA-E734-4EA1-A8CB-3EE2ACAF0257}.Debug|Any CPU.Build.0 = Debug|Any CPU
		{D8301AEA-E734-4EA1-A8CB-3EE2ACAF0257}.Debug|x64.ActiveCfg = Debug|x64
		{D8301AEA-E734-4EA1-A8CB-3EE2ACAF0257}.Debug|x64.Build.0 = Debug|x64
		{D8301AEA-E734-4EA1-A8CB-3EE2ACAF0257}.Release|Any CPU.ActiveCfg = Release|Any CPU
		{D8301AEA-E734-4EA1-A8CB-3EE2ACAF0257}.Release|Any CPU.Build.0 = Release|Any CPU
		{D8301AEA-E734-4EA1-A8CB-3EE2ACAF0257}.Release|x64.ActiveCfg = Release|x64
		{D8301AEA-E734-4EA1-A8CB-3EE2ACAF0257}.Release|x64.Build.0 = Release|x64
	EndGlobalSection
	GlobalSection(SolutionProperties) = preSolution
		HideSolutionNode = FALSE
	EndGlobalSection
	GlobalSection(ExtensibilityGlobals) = postSolution
		SolutionGuid = {88CC4C87-3C8E-4E8D-A649-3EAAB23E0D2D}
	EndGlobalSection
EndGlobal
